
Microsoft Visual Studio Solution File, Format Version 12.00
# Visual Studio Version 17
VisualStudioVersion = 17.9.34622.214
MinimumVisualStudioVersion = 10.0.40219.1
Project("{8BC9CEB8-8B4A-11D0-8D11-00A0C91BC942}") = "proximosVenc", "proximosVenc\proximosVenc.vcxproj", "{DDE18B62-E16C-4967-B9DC-68C89B61A254}"
EndProject
Global
	GlobalSection(SolutionConfigurationPlatforms) = preSolution
		Debug|x64 = Debug|x64
		Debug|x86 = Debug|x86
		Release|x64 = Release|x64
		Release|x86 = Release|x86
	EndGlobalSection
	GlobalSection(ProjectConfigurationPlatforms) = postSolution
		{DDE18B62-E16C-4967-B9DC-68C89B61A254}.Debug|x64.ActiveCfg = Debug|x64
		{DDE18B62-E16C-4967-B9DC-68C89B61A254}.Debug|x64.Build.0 = Debug|x64
		{DDE18B62-E16C-4967-B9DC-68C89B61A254}.Debug|x86.ActiveCfg = Debug|Win32
		{DDE18B62-E16C-4967-B9DC-68C89B61A254}.Debug|x86.Build.0 = Debug|Win32
		{DDE18B62-E16C-4967-B9DC-68C89B61A254}.Release|x64.ActiveCfg = Release|x64
		{DDE18B62-E16C-4967-B9DC-68C89B61A254}.Release|x64.Build.0 = Release|x64
		{DDE18B62-E16C-4967-B9DC-68C89B61A254}.Release|x86.ActiveCfg = Release|Win32
		{DDE18B62-E16C-4967-B9DC-68C89B61A254}.Release|x86.Build.0 = Release|Win32
	EndGlobalSection
	GlobalSection(SolutionProperties) = preSolution
		HideSolutionNode = FALSE
	EndGlobalSection
	GlobalSection(ExtensibilityGlobals) = postSolution
		SolutionGuid = {880A1E90-0287-4F3F-9025-AC179037EAD0}
	EndGlobalSection
EndGlobal
